{
  "originHash" : "460f6c8350494eb45a2e43c6f29e66efa2af5a41dc2ba28941076104a315e0ae",
  "pins" : [
    {
      "identity" : "grdb.swift",
      "kind" : "remoteSourceControl",
      "location" : "git@github.com:iBobbyTS/GRDB.swift.git",
      "state" : {
        "branch" : "deskbrief-sqlcipher",
        "revision" : "d266d2cff2191a3cd02c4aceebcae1fc5ee338b9"
      }
    },
    {
      "identity" : "sqlcipher.swift",
      "kind" : "remoteSourceControl",
      "location" : "https://github.com/sqlcipher/SQLCipher.swift.git",
      "state" : {
        "revision" : "967b937db0b24508d5674c46ddd4d064a888a304",
        "version" : "4.15.0"
      }
    }
  ],
  "version" : 3
}
